
Microsoft Visual Studio Solution File, Format Version 12.00
# Visual Studio Version 17
VisualStudioVersion = 17.8.34322.80
MinimumVisualStudioVersion = 10.0.40219.1
Project("{9A19103F-16F7-4668-BE54-9A1E7A4F7556}") = "Vitneboksen_func", "Vitneboksen_func\Vitneboksen_func.csproj", "{B34CE2C3-4EC7-4B8C-9F2C-5A6CB5F8F90B}"
EndProject
Project("{9A19103F-16F7-4668-BE54-9A1E7A4F7556}") = "Vinteboksen_Api", "Vinteboksen-Api\Vinteboksen_Api.csproj", "{C54DB174-F64F-4BCB-B8FB-735BEEB04185}"
EndProject
Global
	GlobalSection(SolutionConfigurationPlatforms) = preSolution
		Debug|Any CPU = Debug|Any CPU
		Release|Any CPU = Release|Any CPU
	EndGlobalSection
	GlobalSection(ProjectConfigurationPlatforms) = postSolution
		{B34CE2C3-4EC7-4B8C-9F2C-5A6CB5F8F90B}.Debug|Any CPU.ActiveCfg = Debug|Any CPU
		{B34CE2C3-4EC7-4B8C-9F2C-5A6CB5F8F90B}.Debug|Any CPU.Build.0 = Debug|Any CPU
		{B34CE2C3-4EC7-4B8C-9F2C-5A6CB5F8F90B}.Release|Any CPU.ActiveCfg = Release|Any CPU
		{B34CE2C3-4EC7-4B8C-9F2C-5A6CB5F8F90B}.Release|Any CPU.Build.0 = Release|Any CPU
		{C54DB174-F64F-4BCB-B8FB-735BEEB04185}.Debug|Any CPU.ActiveCfg = Debug|Any CPU
		{C54DB174-F64F-4BCB-B8FB-735BEEB04185}.Debug|Any CPU.Build.0 = Debug|Any CPU
		{C54DB174-F64F-4BCB-B8FB-735BEEB04185}.Release|Any CPU.ActiveCfg = Release|Any CPU
		{C54DB174-F64F-4BCB-B8FB-735BEEB04185}.Release|Any CPU.Build.0 = Release|Any CPU
	EndGlobalSection
	GlobalSection(SolutionProperties) = preSolution
		HideSolutionNode = FALSE
	EndGlobalSection
	GlobalSection(ExtensibilityGlobals) = postSolution
		SolutionGuid = {084B9838-F487-40D3-B9FC-E2FC0208D2C2}
	EndGlobalSection
EndGlobal
