
Microsoft Visual Studio Solution File, Format Version 12.00
# Visual Studio Version 17
VisualStudioVersion = 17.8.34322.80
MinimumVisualStudioVersion = 10.0.40219.1
Project("{9A19103F-16F7-4668-BE54-9A1E7A4F7556}") = "Vitneboksen_Api", "Vitneboksen_Api\Vitneboksen_Api.csproj", "{C54DB174-F64F-4BCB-B8FB-735BEEB04185}"
EndProject
Project("{FAE04EC0-301F-11D3-BF4B-00C04F79EFBC}") = "FfmpegFunction", "FfmpegFunction\FfmpegFunction.csproj", "{6156B7AC-A533-4441-A5A7-A6425192D9B3}"
EndProject
Project("{FAE04EC0-301F-11D3-BF4B-00C04F79EFBC}") = "Shared", "Shared\Shared.csproj", "{84CD03ED-276F-4F31-BCD9-5D0F36F7D262}"
EndProject
Global
	GlobalSection(SolutionConfigurationPlatforms) = preSolution
		Debug|Any CPU = Debug|Any CPU
		Release|Any CPU = Release|Any CPU
	EndGlobalSection
	GlobalSection(ProjectConfigurationPlatforms) = postSolution
		{C54DB174-F64F-4BCB-B8FB-735BEEB04185}.Debug|Any CPU.ActiveCfg = Debug|Any CPU
		{C54DB174-F64F-4BCB-B8FB-735BEEB04185}.Debug|Any CPU.Build.0 = Debug|Any CPU
		{C54DB174-F64F-4BCB-B8FB-735BEEB04185}.Release|Any CPU.ActiveCfg = Release|Any CPU
		{C54DB174-F64F-4BCB-B8FB-735BEEB04185}.Release|Any CPU.Build.0 = Release|Any CPU
		{6156B7AC-A533-4441-A5A7-A6425192D9B3}.Debug|Any CPU.ActiveCfg = Debug|Any CPU
		{6156B7AC-A533-4441-A5A7-A6425192D9B3}.Debug|Any CPU.Build.0 = Debug|Any CPU
		{6156B7AC-A533-4441-A5A7-A6425192D9B3}.Release|Any CPU.ActiveCfg = Release|Any CPU
		{6156B7AC-A533-4441-A5A7-A6425192D9B3}.Release|Any CPU.Build.0 = Release|Any CPU
		{84CD03ED-276F-4F31-BCD9-5D0F36F7D262}.Debug|Any CPU.ActiveCfg = Debug|Any CPU
		{84CD03ED-276F-4F31-BCD9-5D0F36F7D262}.Debug|Any CPU.Build.0 = Debug|Any CPU
		{84CD03ED-276F-4F31-BCD9-5D0F36F7D262}.Release|Any CPU.ActiveCfg = Release|Any CPU
		{84CD03ED-276F-4F31-BCD9-5D0F36F7D262}.Release|Any CPU.Build.0 = Release|Any CPU
	EndGlobalSection
	GlobalSection(SolutionProperties) = preSolution
		HideSolutionNode = FALSE
	EndGlobalSection
	GlobalSection(ExtensibilityGlobals) = postSolution
		SolutionGuid = {084B9838-F487-40D3-B9FC-E2FC0208D2C2}
	EndGlobalSection
EndGlobal
